
Microsoft Visual Studio Solution File, Format Version 12.00
# Visual Studio Version 17
VisualStudioVersion = 17.9.34723.18
MinimumVisualStudioVersion = 10.0.40219.1
Project("{9A19103F-16F7-4668-BE54-9A1E7A4F7556}") = "DDProject.Application", "DDProject.Application\DDProject.Application.csproj", "{38A71108-6C01-45E6-ABAA-7BF229F63B7B}"
EndProject
Project("{FAE04EC0-301F-11D3-BF4B-00C04F79EFBC}") = "DDProject.P2P", "DDProject.P2P\DDProject.P2P.csproj", "{38495F1D-1F7B-4A91-8572-066EFEBCAB03}"
EndProject
Global
	GlobalSection(SolutionConfigurationPlatforms) = preSolution
		Debug|Any CPU = Debug|Any CPU
		Release|Any CPU = Release|Any CPU
	EndGlobalSection
	GlobalSection(ProjectConfigurationPlatforms) = postSolution
		{38A71108-6C01-45E6-ABAA-7BF229F63B7B}.Debug|Any CPU.ActiveCfg = Debug|Any CPU
		{38A71108-6C01-45E6-ABAA-7BF229F63B7B}.Debug|Any CPU.Build.0 = Debug|Any CPU
		{38A71108-6C01-45E6-ABAA-7BF229F63B7B}.Release|Any CPU.ActiveCfg = Release|Any CPU
		{38A71108-6C01-45E6-ABAA-7BF229F63B7B}.Release|Any CPU.Build.0 = Release|Any CPU
		{38495F1D-1F7B-4A91-8572-066EFEBCAB03}.Debug|Any CPU.ActiveCfg = Debug|Any CPU
		{38495F1D-1F7B-4A91-8572-066EFEBCAB03}.Debug|Any CPU.Build.0 = Debug|Any CPU
		{38495F1D-1F7B-4A91-8572-066EFEBCAB03}.Release|Any CPU.ActiveCfg = Release|Any CPU
		{38495F1D-1F7B-4A91-8572-066EFEBCAB03}.Release|Any CPU.Build.0 = Release|Any CPU
	EndGlobalSection
	GlobalSection(SolutionProperties) = preSolution
		HideSolutionNode = FALSE
	EndGlobalSection
	GlobalSection(ExtensibilityGlobals) = postSolution
		SolutionGuid = {5F5F9532-9AC4-4A6A-AD9F-A5E65DBA17DD}
	EndGlobalSection
EndGlobal
